<?xml version="1.0" encoding="utf-8"?>
<Project ToolsVersion="4.0" xmlns="http://schemas.microsoft.com/developer/msbuild/2003">
  <ItemGroup>
    <Filter Include="Demo">
      <UniqueIdentifier>{1750e86b-8812-44b6-b933-4f7fde34ba29}</UniqueIdentifier>
    </Filter>
    <Filter Include="Demo\GameBehaviors">
      <UniqueIdentifier>{a1fc73ea-671c-409b-b81c-305d2b31219a}</UniqueIdentifier>
    </Filter>
    <Filter Include="Engine">
      <UniqueIdentifier>{ac0d3175-895c-4398-aac0-83fa90168dc2}</UniqueIdentifier>
    </Filter>
    <Filter Include="Engine\Source Files">
      <UniqueIdentifier>{4FC737F1-C7A5-4376-A066-2A32D752A2FF}</UniqueIdentifier>
      <Extensions>cpp;c;cc;cxx;def;odl;idl;hpj;bat;asm;asmx</Extensions>
    </Filter>
    <Filter Include="Engine\Shaders">
      <UniqueIdentifier>{3b4a74ab-2514-4b77-86cf-522ddbdc7570}</UniqueIdentifier>
    </Filter>
    <Filter Include="Engine\Resource Files">
      <UniqueIdentifier>{67DA6AB6-F800-4c08-8B7A-83BB121AAD01}</UniqueIdentifier>
      <Extensions>rc;ico;cur;bmp;dlg;rc2;rct;bin;rgs;gif;jpg;jpeg;jpe;resx;tiff;tif;png;wav;mfcribbon-ms</Extensions>
    </Filter>
    <Filter Include="Engine\Header Files">
      <UniqueIdentifier>{93995380-89BD-4b04-88EB-625FBE52EBFB}</UniqueIdentifier>
      <Extensions>h;hh;hpp;hxx;hm;inl;inc;ipp;xsd</Extensions>
    </Filter>
  </ItemGroup>
  <ItemGroup>
    <ClCompile Include="glad.c">
      <Filter>Engine\Source Files</Filter>
    </ClCompile>
    <ClCompile Include="Shader.cpp">
      <Filter>Engine\Source Files</Filter>
    </ClCompile>
    <ClCompile Include="Application.cpp">
      <Filter>Engine\Source Files</Filter>
    </ClCompile>
    <ClCompile Include="Sprite.cpp">
      <Filter>Engine\Source Files</Filter>
    </ClCompile>
    <ClCompile Include="Matrix.cpp">
      <Filter>Engine\Source Files</Filter>
    </ClCompile>
    <ClCompile Include="Vector.cpp">
      <Filter>Engine\Source Files</Filter>
    </ClCompile>
    <ClCompile Include="GameObject.cpp">
      <Filter>Engine\Source Files</Filter>
    </ClCompile>
    <ClCompile Include="ParticleObject.cpp">
      <Filter>Engine\Source Files</Filter>
    </ClCompile>
    <ClCompile Include="ParticleSystem.cpp">
      <Filter>Engine\Source Files</Filter>
    </ClCompile>
    <ClCompile Include="ColorAffector.cpp">
      <Filter>Engine\Source Files</Filter>
    </ClCompile>
    <ClCompile Include="GravityAffector.cpp">
      <Filter>Engine\Source Files</Filter>
    </ClCompile>
    <ClCompile Include="SizeAffector.cpp">
      <Filter>Engine\Source Files</Filter>
    </ClCompile>
    <ClCompile Include="PulsingAffector.cpp">
      <Filter>Engine\Source Files</Filter>
    </ClCompile>
    <ClCompile Include="NoiseAffector.cpp">
      <Filter>Engine\Source Files</Filter>
    </ClCompile>
    <ClCompile Include="CircleRingEmitterShape.cpp">
      <Filter>Engine\Source Files</Filter>
    </ClCompile>
    <ClCompile Include="CircleEmitterShape.cpp">
      <Filter>Engine\Source Files</Filter>
    </ClCompile>
    <ClCompile Include="QuadEmitterShape.cpp">
      <Filter>Engine\Source Files</Filter>
    </ClCompile>
    <ClCompile Include="SpeedAffector.cpp">
      <Filter>Engine\Source Files</Filter>
    </ClCompile>
    <ClCompile Include="Input.cpp">
      <Filter>Engine\Source Files</Filter>
    </ClCompile>
    <ClCompile Include="RotationAffector.cpp">
      <Filter>Engine\Source Files</Filter>
    </ClCompile>
    <ClCompile Include="Behavior.cpp">
      <Filter>Engine\Source Files</Filter>
    </ClCompile>
    <ClCompile Include="Curves.cpp">
      <Filter>Engine\Source Files</Filter>
    </ClCompile>
    <ClCompile Include="Demo1.cpp">
      <Filter>Demo</Filter>
    </ClCompile>
    <ClCompile Include="StartRingBehavior.cpp">
      <Filter>Demo\GameBehaviors</Filter>
    </ClCompile>
    <ClCompile Include="Main.cpp">
      <Filter>Demo</Filter>
    </ClCompile>
    <ClCompile Include="ShipMovementBehavior.cpp">
      <Filter>Demo\GameBehaviors</Filter>
    </ClCompile>
    <ClCompile Include="BorderBehavior.cpp">
      <Filter>Demo\GameBehaviors</Filter>
    </ClCompile>
    <ClCompile Include="Audio.cpp">
      <Filter>Engine\Source Files</Filter>
    </ClCompile>
    <ClCompile Include="AudioControllerBehavior.cpp">
      <Filter>Demo\GameBehaviors</Filter>
    </ClCompile>
    <ClCompile Include="Collider.cpp">
      <Filter>Engine\Source Files</Filter>
    </ClCompile>
    <ClCompile Include="ColliderManager.cpp">
      <Filter>Engine\Source Files</Filter>
    </ClCompile>
  </ItemGroup>
  <ItemGroup>
    <ClInclude Include="Application.h">
      <Filter>Engine\Header Files</Filter>
    </ClInclude>
    <ClInclude Include="Sprite.h">
      <Filter>Engine\Header Files</Filter>
    </ClInclude>
    <ClInclude Include="Shader.h">
      <Filter>Engine\Header Files</Filter>
    </ClInclude>
    <ClInclude Include="Matrix.h">
      <Filter>Engine\Header Files</Filter>
    </ClInclude>
    <ClInclude Include="Vector.h">
      <Filter>Engine\Header Files</Filter>
    </ClInclude>
    <ClInclude Include="stb_image.h">
      <Filter>Engine\Header Files</Filter>
    </ClInclude>
    <ClInclude Include="GameObject.h">
      <Filter>Engine\Header Files</Filter>
    </ClInclude>
    <ClInclude Include="ParticleObject.h">
      <Filter>Engine\Header Files</Filter>
    </ClInclude>
    <ClInclude Include="ParticleSystem.h">
      <Filter>Engine\Header Files</Filter>
    </ClInclude>
    <ClInclude Include="ParticleAffector.h">
      <Filter>Engine\Header Files</Filter>
    </ClInclude>
    <ClInclude Include="ColorAffector.h">
      <Filter>Engine\Header Files</Filter>
    </ClInclude>
    <ClInclude Include="GravityAffector.h">
      <Filter>Engine\Header Files</Filter>
    </ClInclude>
    <ClInclude Include="SizeAffector.h">
      <Filter>Engine\Header Files</Filter>
    </ClInclude>
    <ClInclude Include="PulsingAffector.h">
      <Filter>Engine\Header Files</Filter>
    </ClInclude>
    <ClInclude Include="NoiseAffector.h">
      <Filter>Engine\Header Files</Filter>
    </ClInclude>
    <ClInclude Include="EmitterShape.h">
      <Filter>Engine\Header Files</Filter>
    </ClInclude>
    <ClInclude Include="CircleRingEmitterShape.h">
      <Filter>Engine\Header Files</Filter>
    </ClInclude>
    <ClInclude Include="CircleEmitterShape.h">
      <Filter>Engine\Header Files</Filter>
    </ClInclude>
    <ClInclude Include="SpeedAffector.h">
      <Filter>Engine\Header Files</Filter>
    </ClInclude>
    <ClInclude Include="Input.h">
      <Filter>Engine\Header Files</Filter>
    </ClInclude>
    <ClInclude Include="Curves.h">
      <Filter>Engine\Header Files</Filter>
    </ClInclude>
    <ClInclude Include="Scene.h">
      <Filter>Engine\Header Files</Filter>
    </ClInclude>
    <ClInclude Include="CoreHeaders.h">
      <Filter>Engine\Header Files</Filter>
    </ClInclude>
    <ClInclude Include="QuadEmitterShape.h">
      <Filter>Engine\Header Files</Filter>
    </ClInclude>
    <ClInclude Include="RotationAffector.h">
      <Filter>Engine\Header Files</Filter>
    </ClInclude>
    <ClInclude Include="Behavior.h">
      <Filter>Engine\Header Files</Filter>
    </ClInclude>
    <ClInclude Include="Demo1.h">
      <Filter>Demo</Filter>
    </ClInclude>
    <ClInclude Include="StartRingBehavior.h">
      <Filter>Demo\GameBehaviors</Filter>
    </ClInclude>
    <ClInclude Include="ShipMovementBehavior.h">
      <Filter>Demo\GameBehaviors</Filter>
    </ClInclude>
    <ClInclude Include="BorderBehavior.h">
      <Filter>Demo\GameBehaviors</Filter>
    </ClInclude>
    <ClInclude Include="Audio.h">
      <Filter>Engine\Header Files</Filter>
    </ClInclude>
    <ClInclude Include="AudioControllerBehavior.h">
      <Filter>Demo\GameBehaviors</Filter>
    </ClInclude>
    <ClInclude Include="ColliderManager.h">
      <Filter>Engine\Header Files</Filter>
    </ClInclude>
    <ClInclude Include="Collider.h">
      <Filter>Engine\Header Files</Filter>
    </ClInclude>
  </ItemGroup>
  <ItemGroup>
    <None Include="..\Shaders\basicSpriteVert.vert">
      <Filter>Engine\Shaders</Filter>
    </None>
    <None Include="..\Shaders\basicSpriteFrag.frag">
      <Filter>Engine\Shaders</Filter>
    </None>
  </ItemGroup>
</Project>